
Microsoft Visual Studio Solution File, Format Version 12.00
# Visual Studio Version 17
VisualStudioVersion = 17.14.36301.6
MinimumVisualStudioVersion = 10.0.40219.1
Project("{FAE04EC0-301F-11D3-BF4B-00C04F79EFBC}") = "AdminBackend.Domain", "src\AdminBackend.Domain\AdminBackend.Domain.csproj", "{542B00B8-A89E-4F60-9CC7-C8DEBD8D96B1}"
EndProject
Project("{FAE04EC0-301F-11D3-BF4B-00C04F79EFBC}") = "AdminBackend.Infrastructure", "src\AdminBackend.Infrastructure\AdminBackend.Infrastructure.csproj", "{B225C3CB-DB53-46BF-84CB-6ED6FB076BC5}"
EndProject
Project("{FAE04EC0-301F-11D3-BF4B-00C04F79EFBC}") = "AdminBackend.Application", "src\AdminBackend.Application\AdminBackend.Application.csproj", "{F7F5A666-7652-4D75-915B-7FC94167D682}"
EndProject
Project("{FAE04EC0-301F-11D3-BF4B-00C04F79EFBC}") = "AdminBackend.Api", "src\AdminBackend.Api\AdminBackend.Api.csproj", "{4C140F68-1C4B-4E6B-8115-CC83A742998A}"
EndProject
Project("{2150E333-8FDC-42A3-9474-1A3956D46DE8}") = "Framework", "Framework", "{02EA681E-C7D8-13C7-8484-4AC65E1B71E8}"
EndProject
Project("{FAE04EC0-301F-11D3-BF4B-00C04F79EFBC}") = "Juga.Abstractions", "src\Framework\Juga.Abstractions\Juga.Abstractions.csproj", "{7B1434A0-9E70-CA63-74A4-8657D5CAB44F}"
EndProject
Project("{FAE04EC0-301F-11D3-BF4B-00C04F79EFBC}") = "Juga.Adf.Client", "src\Framework\Juga.Adf.Client\Juga.Adf.Client.csproj", "{71A9A282-7C24-27FB-58C2-EDC95C07E050}"
EndProject
Project("{FAE04EC0-301F-11D3-BF4B-00C04F79EFBC}") = "Juga.Api", "src\Framework\Juga.Api\Juga.Api.csproj", "{6AC55EB9-DA1F-819D-04FE-E5C8EC4F05A5}"
EndProject
Project("{FAE04EC0-301F-11D3-BF4B-00C04F79EFBC}") = "Juga.Api.Application", "src\Framework\Juga.Api.Application\Juga.Api.Application.csproj", "{0B91EAB4-187E-B722-5251-EAD380BD4EE0}"
EndProject
Project("{FAE04EC0-301F-11D3-BF4B-00C04F79EFBC}") = "Juga.Application", "src\Framework\Juga.Application\Juga.Application.csproj", "{17A4296C-31DB-B692-6F5C-7834159AB8A0}"
EndProject
Project("{FAE04EC0-301F-11D3-BF4B-00C04F79EFBC}") = "Juga.Auth", "src\Framework\Juga.Auth\Juga.Auth.csproj", "{59BBE3F7-D6BF-9A77-D95E-8EB91A1259D7}"
EndProject
Project("{FAE04EC0-301F-11D3-BF4B-00C04F79EFBC}") = "Juga.Caching.Common", "src\Framework\Juga.Caching.Common\Juga.Caching.Common.csproj", "{4BC5C195-8ACD-6185-092A-BAC5BDF1D248}"
EndProject
Project("{FAE04EC0-301F-11D3-BF4B-00C04F79EFBC}") = "Juga.Caching.InMemory", "src\Framework\Juga.Caching.InMemory\Juga.Caching.InMemory.csproj", "{F1876112-00FB-578E-4E15-0DDA41EA6EB2}"
EndProject
Project("{FAE04EC0-301F-11D3-BF4B-00C04F79EFBC}") = "Juga.Caching.Redis", "src\Framework\Juga.Caching.Redis\Juga.Caching.Redis.csproj", "{86DF3626-7CB4-E57B-D7CA-1543631BEF95}"
EndProject
Project("{FAE04EC0-301F-11D3-BF4B-00C04F79EFBC}") = "Juga.Client", "src\Framework\Juga.Client\Juga.Client.csproj", "{80B4AF5B-2712-16F3-F3DD-18F73B321741}"
EndProject
Project("{FAE04EC0-301F-11D3-BF4B-00C04F79EFBC}") = "Juga.Client.SignalR", "src\Framework\Juga.Client.SignalR\Juga.Client.SignalR.csproj", "{D35F3484-F5F8-7F84-923D-6208D608D6EB}"
EndProject
Project("{FAE04EC0-301F-11D3-BF4B-00C04F79EFBC}") = "Juga.CQRS", "src\Framework\Juga.CQRS\Juga.CQRS.csproj", "{87985670-D45D-925F-7E5F-06CCF6D29DA1}"
EndProject
Project("{FAE04EC0-301F-11D3-BF4B-00C04F79EFBC}") = "Juga.CrossCuttingConcerns", "src\Framework\Juga.CrossCuttingConcerns\Juga.CrossCuttingConcerns.csproj", "{E6304B61-0857-7AE8-3842-FBDF13A67016}"
EndProject
Project("{FAE04EC0-301F-11D3-BF4B-00C04F79EFBC}") = "Juga.Data", "src\Framework\Juga.Data\Juga.Data.csproj", "{AE9F57E2-CBCE-5779-9338-2C5EC14E6272}"
EndProject
Project("{FAE04EC0-301F-11D3-BF4B-00C04F79EFBC}") = "Juga.DataAudit.Common", "src\Framework\Juga.DataAudit.Common\Juga.DataAudit.Common.csproj", "{8A8A4E59-99A4-0FF1-45D7-C92CB4C77BCA}"
EndProject
Project("{FAE04EC0-301F-11D3-BF4B-00C04F79EFBC}") = "Juga.DataAudit.Elastic", "src\Framework\Juga.DataAudit.Elastic\Juga.DataAudit.Elastic.csproj", "{5635FDCB-C2F9-7BB6-69C7-A9BDF325BE1C}"
EndProject
Project("{FAE04EC0-301F-11D3-BF4B-00C04F79EFBC}") = "Juga.DataAudit.PostreSql", "src\Framework\Juga.DataAudit.PostreSql\Juga.DataAudit.PostreSql.csproj", "{D893E011-AE87-D565-9185-89DFFB728650}"
EndProject
Project("{FAE04EC0-301F-11D3-BF4B-00C04F79EFBC}") = "Juga.DataAudit.SqlServer", "src\Framework\Juga.DataAudit.SqlServer\Juga.DataAudit.SqlServer.csproj", "{3EFBA025-8A98-A98C-726C-4E91C1BB6F07}"
EndProject
Project("{FAE04EC0-301F-11D3-BF4B-00C04F79EFBC}") = "Juga.Domain", "src\Framework\Juga.Domain\Juga.Domain.csproj", "{BCD3DAD7-A36D-4A5A-58E8-A6BA87B8AA2C}"
EndProject
Project("{FAE04EC0-301F-11D3-BF4B-00C04F79EFBC}") = "Juga.Infrastructure", "src\Framework\Juga.Infrastructure\Juga.Infrastructure.csproj", "{62F87E57-6BDB-2816-6A38-536E875AD15E}"
EndProject
Project("{FAE04EC0-301F-11D3-BF4B-00C04F79EFBC}") = "Juga.IoC", "src\Framework\Juga.IoC\Juga.IoC.csproj", "{4D212608-17A8-FB16-9A2E-4249CB2AC916}"
EndProject
Project("{FAE04EC0-301F-11D3-BF4B-00C04F79EFBC}") = "Juga.Logging", "src\Framework\Juga.Logging\Juga.Logging.csproj", "{C1D03F3C-ECA5-F7BB-6574-8894B77DCBC0}"
EndProject
Project("{FAE04EC0-301F-11D3-BF4B-00C04F79EFBC}") = "Juga.Logging.Serilog", "src\Framework\Juga.Logging.Serilog\Juga.Logging.Serilog.csproj", "{E8B35B7A-9287-60F1-C2A9-1FD06DC3A42A}"
EndProject
Project("{FAE04EC0-301F-11D3-BF4B-00C04F79EFBC}") = "Juga.MessageQueue", "src\Framework\Juga.MessageQueue\Juga.MessageQueue.csproj", "{09C08C81-457B-DA97-4B09-45AFD5FEE062}"
EndProject
Project("{FAE04EC0-301F-11D3-BF4B-00C04F79EFBC}") = "Juga.Mvc", "src\Framework\Juga.Mvc\Juga.Mvc.csproj", "{7DFE4250-0ACB-FD75-6E07-894ECB529BB0}"
EndProject
Project("{FAE04EC0-301F-11D3-BF4B-00C04F79EFBC}") = "Juga.Observability", "src\Framework\Juga.Observability\Juga.Observability.csproj", "{768B45D4-380C-99D2-7153-91F83CA3D00E}"
EndProject
Project("{FAE04EC0-301F-11D3-BF4B-00C04F79EFBC}") = "Juga.RateLimiting", "src\Framework\Juga.RateLimiting\Juga.RateLimiting.csproj", "{32AAC585-7394-74B1-6840-1713D6A36511}"
EndProject
Project("{FAE04EC0-301F-11D3-BF4B-00C04F79EFBC}") = "Juga.Secrets", "src\Framework\Juga.Secrets\Juga.Secrets.csproj", "{F31B8628-8CC3-85FF-E924-DAB95E8E70A9}"
EndProject
Project("{FAE04EC0-301F-11D3-BF4B-00C04F79EFBC}") = "Juga.TaskScheduling.Hangfire", "src\Framework\Juga.TaskScheduling.Hangfire\Juga.TaskScheduling.Hangfire.csproj", "{F49052D5-0D10-5987-A421-C1B2CE397147}"
EndProject
Project("{FAE04EC0-301F-11D3-BF4B-00C04F79EFBC}") = "Juga.TaskScheduling.Hangfire.Autofac", "src\Framework\Juga.TaskScheduling.Hangfire.Autofac\Juga.TaskScheduling.Hangfire.Autofac.csproj", "{A44873B7-54CC-0580-46E1-509D2ABFFB9C}"
EndProject
Project("{FAE04EC0-301F-11D3-BF4B-00C04F79EFBC}") = "Juga.Testing", "src\Framework\Juga.Testing\Juga.Testing.csproj", "{4BC9572B-9FB8-2D77-0126-8FEB6B092183}"
EndProject
Project("{FAE04EC0-301F-11D3-BF4B-00C04F79EFBC}") = "Juga.Tracing", "src\Framework\Juga.Tracing\Juga.Tracing.csproj", "{4B4F1594-9215-1D08-1B7A-D71BE537AF17}"
EndProject
Global
	GlobalSection(SolutionConfigurationPlatforms) = preSolution
		Debug|Any CPU = Debug|Any CPU
		Release|Any CPU = Release|Any CPU
	EndGlobalSection
	GlobalSection(ProjectConfigurationPlatforms) = postSolution
		{542B00B8-A89E-4F60-9CC7-C8DEBD8D96B1}.Debug|Any CPU.ActiveCfg = Debug|Any CPU
		{542B00B8-A89E-4F60-9CC7-C8DEBD8D96B1}.Debug|Any CPU.Build.0 = Debug|Any CPU
		{542B00B8-A89E-4F60-9CC7-C8DEBD8D96B1}.Release|Any CPU.ActiveCfg = Release|Any CPU
		{542B00B8-A89E-4F60-9CC7-C8DEBD8D96B1}.Release|Any CPU.Build.0 = Release|Any CPU
		{B225C3CB-DB53-46BF-84CB-6ED6FB076BC5}.Debug|Any CPU.ActiveCfg = Debug|Any CPU
		{B225C3CB-DB53-46BF-84CB-6ED6FB076BC5}.Debug|Any CPU.Build.0 = Debug|Any CPU
		{B225C3CB-DB53-46BF-84CB-6ED6FB076BC5}.Release|Any CPU.ActiveCfg = Release|Any CPU
		{B225C3CB-DB53-46BF-84CB-6ED6FB076BC5}.Release|Any CPU.Build.0 = Release|Any CPU
		{F7F5A666-7652-4D75-915B-7FC94167D682}.Debug|Any CPU.ActiveCfg = Debug|Any CPU
		{F7F5A666-7652-4D75-915B-7FC94167D682}.Debug|Any CPU.Build.0 = Debug|Any CPU
		{F7F5A666-7652-4D75-915B-7FC94167D682}.Release|Any CPU.ActiveCfg = Release|Any CPU
		{F7F5A666-7652-4D75-915B-7FC94167D682}.Release|Any CPU.Build.0 = Release|Any CPU
		{4C140F68-1C4B-4E6B-8115-CC83A742998A}.Debug|Any CPU.ActiveCfg = Debug|Any CPU
		{4C140F68-1C4B-4E6B-8115-CC83A742998A}.Debug|Any CPU.Build.0 = Debug|Any CPU
		{4C140F68-1C4B-4E6B-8115-CC83A742998A}.Release|Any CPU.ActiveCfg = Release|Any CPU
		{4C140F68-1C4B-4E6B-8115-CC83A742998A}.Release|Any CPU.Build.0 = Release|Any CPU
		{7B1434A0-9E70-CA63-74A4-8657D5CAB44F}.Debug|Any CPU.ActiveCfg = Debug|Any CPU
		{7B1434A0-9E70-CA63-74A4-8657D5CAB44F}.Debug|Any CPU.Build.0 = Debug|Any CPU
		{7B1434A0-9E70-CA63-74A4-8657D5CAB44F}.Release|Any CPU.ActiveCfg = Release|Any CPU
		{7B1434A0-9E70-CA63-74A4-8657D5CAB44F}.Release|Any CPU.Build.0 = Release|Any CPU
		{71A9A282-7C24-27FB-58C2-EDC95C07E050}.Debug|Any CPU.ActiveCfg = Debug|Any CPU
		{71A9A282-7C24-27FB-58C2-EDC95C07E050}.Debug|Any CPU.Build.0 = Debug|Any CPU
		{71A9A282-7C24-27FB-58C2-EDC95C07E050}.Release|Any CPU.ActiveCfg = Release|Any CPU
		{71A9A282-7C24-27FB-58C2-EDC95C07E050}.Release|Any CPU.Build.0 = Release|Any CPU
		{6AC55EB9-DA1F-819D-04FE-E5C8EC4F05A5}.Debug|Any CPU.ActiveCfg = Debug|Any CPU
		{6AC55EB9-DA1F-819D-04FE-E5C8EC4F05A5}.Debug|Any CPU.Build.0 = Debug|Any CPU
		{6AC55EB9-DA1F-819D-04FE-E5C8EC4F05A5}.Release|Any CPU.ActiveCfg = Release|Any CPU
		{6AC55EB9-DA1F-819D-04FE-E5C8EC4F05A5}.Release|Any CPU.Build.0 = Release|Any CPU
		{0B91EAB4-187E-B722-5251-EAD380BD4EE0}.Debug|Any CPU.ActiveCfg = Debug|Any CPU
		{0B91EAB4-187E-B722-5251-EAD380BD4EE0}.Debug|Any CPU.Build.0 = Debug|Any CPU
		{0B91EAB4-187E-B722-5251-EAD380BD4EE0}.Release|Any CPU.ActiveCfg = Release|Any CPU
		{0B91EAB4-187E-B722-5251-EAD380BD4EE0}.Release|Any CPU.Build.0 = Release|Any CPU
		{17A4296C-31DB-B692-6F5C-7834159AB8A0}.Debug|Any CPU.ActiveCfg = Debug|Any CPU
		{17A4296C-31DB-B692-6F5C-7834159AB8A0}.Debug|Any CPU.Build.0 = Debug|Any CPU
		{17A4296C-31DB-B692-6F5C-7834159AB8A0}.Release|Any CPU.ActiveCfg = Release|Any CPU
		{17A4296C-31DB-B692-6F5C-7834159AB8A0}.Release|Any CPU.Build.0 = Release|Any CPU
		{59BBE3F7-D6BF-9A77-D95E-8EB91A1259D7}.Debug|Any CPU.ActiveCfg = Debug|Any CPU
		{59BBE3F7-D6BF-9A77-D95E-8EB91A1259D7}.Debug|Any CPU.Build.0 = Debug|Any CPU
		{59BBE3F7-D6BF-9A77-D95E-8EB91A1259D7}.Release|Any CPU.ActiveCfg = Release|Any CPU
		{59BBE3F7-D6BF-9A77-D95E-8EB91A1259D7}.Release|Any CPU.Build.0 = Release|Any CPU
		{4BC5C195-8ACD-6185-092A-BAC5BDF1D248}.Debug|Any CPU.ActiveCfg = Debug|Any CPU
		{4BC5C195-8ACD-6185-092A-BAC5BDF1D248}.Debug|Any CPU.Build.0 = Debug|Any CPU
		{4BC5C195-8ACD-6185-092A-BAC5BDF1D248}.Release|Any CPU.ActiveCfg = Release|Any CPU
		{4BC5C195-8ACD-6185-092A-BAC5BDF1D248}.Release|Any CPU.Build.0 = Release|Any CPU
		{F1876112-00FB-578E-4E15-0DDA41EA6EB2}.Debug|Any CPU.ActiveCfg = Debug|Any CPU
		{F1876112-00FB-578E-4E15-0DDA41EA6EB2}.Debug|Any CPU.Build.0 = Debug|Any CPU
		{F1876112-00FB-578E-4E15-0DDA41EA6EB2}.Release|Any CPU.ActiveCfg = Release|Any CPU
		{F1876112-00FB-578E-4E15-0DDA41EA6EB2}.Release|Any CPU.Build.0 = Release|Any CPU
		{86DF3626-7CB4-E57B-D7CA-1543631BEF95}.Debug|Any CPU.ActiveCfg = Debug|Any CPU
		{86DF3626-7CB4-E57B-D7CA-1543631BEF95}.Debug|Any CPU.Build.0 = Debug|Any CPU
		{86DF3626-7CB4-E57B-D7CA-1543631BEF95}.Release|Any CPU.ActiveCfg = Release|Any CPU
		{86DF3626-7CB4-E57B-D7CA-1543631BEF95}.Release|Any CPU.Build.0 = Release|Any CPU
		{80B4AF5B-2712-16F3-F3DD-18F73B321741}.Debug|Any CPU.ActiveCfg = Debug|Any CPU
		{80B4AF5B-2712-16F3-F3DD-18F73B321741}.Debug|Any CPU.Build.0 = Debug|Any CPU
		{80B4AF5B-2712-16F3-F3DD-18F73B321741}.Release|Any CPU.ActiveCfg = Release|Any CPU
		{80B4AF5B-2712-16F3-F3DD-18F73B321741}.Release|Any CPU.Build.0 = Release|Any CPU
		{D35F3484-F5F8-7F84-923D-6208D608D6EB}.Debug|Any CPU.ActiveCfg = Debug|Any CPU
		{D35F3484-F5F8-7F84-923D-6208D608D6EB}.Debug|Any CPU.Build.0 = Debug|Any CPU
		{D35F3484-F5F8-7F84-923D-6208D608D6EB}.Release|Any CPU.ActiveCfg = Release|Any CPU
		{D35F3484-F5F8-7F84-923D-6208D608D6EB}.Release|Any CPU.Build.0 = Release|Any CPU
		{87985670-D45D-925F-7E5F-06CCF6D29DA1}.Debug|Any CPU.ActiveCfg = Debug|Any CPU
		{87985670-D45D-925F-7E5F-06CCF6D29DA1}.Debug|Any CPU.Build.0 = Debug|Any CPU
		{87985670-D45D-925F-7E5F-06CCF6D29DA1}.Release|Any CPU.ActiveCfg = Release|Any CPU
		{87985670-D45D-925F-7E5F-06CCF6D29DA1}.Release|Any CPU.Build.0 = Release|Any CPU
		{E6304B61-0857-7AE8-3842-FBDF13A67016}.Debug|Any CPU.ActiveCfg = Debug|Any CPU
		{E6304B61-0857-7AE8-3842-FBDF13A67016}.Debug|Any CPU.Build.0 = Debug|Any CPU
		{E6304B61-0857-7AE8-3842-FBDF13A67016}.Release|Any CPU.ActiveCfg = Release|Any CPU
		{E6304B61-0857-7AE8-3842-FBDF13A67016}.Release|Any CPU.Build.0 = Release|Any CPU
		{AE9F57E2-CBCE-5779-9338-2C5EC14E6272}.Debug|Any CPU.ActiveCfg = Debug|Any CPU
		{AE9F57E2-CBCE-5779-9338-2C5EC14E6272}.Debug|Any CPU.Build.0 = Debug|Any CPU
		{AE9F57E2-CBCE-5779-9338-2C5EC14E6272}.Release|Any CPU.ActiveCfg = Release|Any CPU
		{AE9F57E2-CBCE-5779-9338-2C5EC14E6272}.Release|Any CPU.Build.0 = Release|Any CPU
		{8A8A4E59-99A4-0FF1-45D7-C92CB4C77BCA}.Debug|Any CPU.ActiveCfg = Debug|Any CPU
		{8A8A4E59-99A4-0FF1-45D7-C92CB4C77BCA}.Debug|Any CPU.Build.0 = Debug|Any CPU
		{8A8A4E59-99A4-0FF1-45D7-C92CB4C77BCA}.Release|Any CPU.ActiveCfg = Release|Any CPU
		{8A8A4E59-99A4-0FF1-45D7-C92CB4C77BCA}.Release|Any CPU.Build.0 = Release|Any CPU
		{5635FDCB-C2F9-7BB6-69C7-A9BDF325BE1C}.Debug|Any CPU.ActiveCfg = Debug|Any CPU
		{5635FDCB-C2F9-7BB6-69C7-A9BDF325BE1C}.Debug|Any CPU.Build.0 = Debug|Any CPU
		{5635FDCB-C2F9-7BB6-69C7-A9BDF325BE1C}.Release|Any CPU.ActiveCfg = Release|Any CPU
		{5635FDCB-C2F9-7BB6-69C7-A9BDF325BE1C}.Release|Any CPU.Build.0 = Release|Any CPU
		{D893E011-AE87-D565-9185-89DFFB728650}.Debug|Any CPU.ActiveCfg = Debug|Any CPU
		{D893E011-AE87-D565-9185-89DFFB728650}.Debug|Any CPU.Build.0 = Debug|Any CPU
		{D893E011-AE87-D565-9185-89DFFB728650}.Release|Any CPU.ActiveCfg = Release|Any CPU
		{D893E011-AE87-D565-9185-89DFFB728650}.Release|Any CPU.Build.0 = Release|Any CPU
		{3EFBA025-8A98-A98C-726C-4E91C1BB6F07}.Debug|Any CPU.ActiveCfg = Debug|Any CPU
		{3EFBA025-8A98-A98C-726C-4E91C1BB6F07}.Debug|Any CPU.Build.0 = Debug|Any CPU
		{3EFBA025-8A98-A98C-726C-4E91C1BB6F07}.Release|Any CPU.ActiveCfg = Release|Any CPU
		{3EFBA025-8A98-A98C-726C-4E91C1BB6F07}.Release|Any CPU.Build.0 = Release|Any CPU
		{BCD3DAD7-A36D-4A5A-58E8-A6BA87B8AA2C}.Debug|Any CPU.ActiveCfg = Debug|Any CPU
		{BCD3DAD7-A36D-4A5A-58E8-A6BA87B8AA2C}.Debug|Any CPU.Build.0 = Debug|Any CPU
		{BCD3DAD7-A36D-4A5A-58E8-A6BA87B8AA2C}.Release|Any CPU.ActiveCfg = Release|Any CPU
		{BCD3DAD7-A36D-4A5A-58E8-A6BA87B8AA2C}.Release|Any CPU.Build.0 = Release|Any CPU
		{62F87E57-6BDB-2816-6A38-536E875AD15E}.Debug|Any CPU.ActiveCfg = Debug|Any CPU
		{62F87E57-6BDB-2816-6A38-536E875AD15E}.Debug|Any CPU.Build.0 = Debug|Any CPU
		{62F87E57-6BDB-2816-6A38-536E875AD15E}.Release|Any CPU.ActiveCfg = Release|Any CPU
		{62F87E57-6BDB-2816-6A38-536E875AD15E}.Release|Any CPU.Build.0 = Release|Any CPU
		{4D212608-17A8-FB16-9A2E-4249CB2AC916}.Debug|Any CPU.ActiveCfg = Debug|Any CPU
		{4D212608-17A8-FB16-9A2E-4249CB2AC916}.Debug|Any CPU.Build.0 = Debug|Any CPU
		{4D212608-17A8-FB16-9A2E-4249CB2AC916}.Release|Any CPU.ActiveCfg = Release|Any CPU
		{4D212608-17A8-FB16-9A2E-4249CB2AC916}.Release|Any CPU.Build.0 = Release|Any CPU
		{C1D03F3C-ECA5-F7BB-6574-8894B77DCBC0}.Debug|Any CPU.ActiveCfg = Debug|Any CPU
		{C1D03F3C-ECA5-F7BB-6574-8894B77DCBC0}.Debug|Any CPU.Build.0 = Debug|Any CPU
		{C1D03F3C-ECA5-F7BB-6574-8894B77DCBC0}.Release|Any CPU.ActiveCfg = Release|Any CPU
		{C1D03F3C-ECA5-F7BB-6574-8894B77DCBC0}.Release|Any CPU.Build.0 = Release|Any CPU
		{E8B35B7A-9287-60F1-C2A9-1FD06DC3A42A}.Debug|Any CPU.ActiveCfg = Debug|Any CPU
		{E8B35B7A-9287-60F1-C2A9-1FD06DC3A42A}.Debug|Any CPU.Build.0 = Debug|Any CPU
		{E8B35B7A-9287-60F1-C2A9-1FD06DC3A42A}.Release|Any CPU.ActiveCfg = Release|Any CPU
		{E8B35B7A-9287-60F1-C2A9-1FD06DC3A42A}.Release|Any CPU.Build.0 = Release|Any CPU
		{09C08C81-457B-DA97-4B09-45AFD5FEE062}.Debug|Any CPU.ActiveCfg = Debug|Any CPU
		{09C08C81-457B-DA97-4B09-45AFD5FEE062}.Debug|Any CPU.Build.0 = Debug|Any CPU
		{09C08C81-457B-DA97-4B09-45AFD5FEE062}.Release|Any CPU.ActiveCfg = Release|Any CPU
		{09C08C81-457B-DA97-4B09-45AFD5FEE062}.Release|Any CPU.Build.0 = Release|Any CPU
		{7DFE4250-0ACB-FD75-6E07-894ECB529BB0}.Debug|Any CPU.ActiveCfg = Debug|Any CPU
		{7DFE4250-0ACB-FD75-6E07-894ECB529BB0}.Debug|Any CPU.Build.0 = Debug|Any CPU
		{7DFE4250-0ACB-FD75-6E07-894ECB529BB0}.Release|Any CPU.ActiveCfg = Release|Any CPU
		{7DFE4250-0ACB-FD75-6E07-894ECB529BB0}.Release|Any CPU.Build.0 = Release|Any CPU
		{768B45D4-380C-99D2-7153-91F83CA3D00E}.Debug|Any CPU.ActiveCfg = Debug|Any CPU
		{768B45D4-380C-99D2-7153-91F83CA3D00E}.Debug|Any CPU.Build.0 = Debug|Any CPU
		{768B45D4-380C-99D2-7153-91F83CA3D00E}.Release|Any CPU.ActiveCfg = Release|Any CPU
		{768B45D4-380C-99D2-7153-91F83CA3D00E}.Release|Any CPU.Build.0 = Release|Any CPU
		{32AAC585-7394-74B1-6840-1713D6A36511}.Debug|Any CPU.ActiveCfg = Debug|Any CPU
		{32AAC585-7394-74B1-6840-1713D6A36511}.Debug|Any CPU.Build.0 = Debug|Any CPU
		{32AAC585-7394-74B1-6840-1713D6A36511}.Release|Any CPU.ActiveCfg = Release|Any CPU
		{32AAC585-7394-74B1-6840-1713D6A36511}.Release|Any CPU.Build.0 = Release|Any CPU
		{F31B8628-8CC3-85FF-E924-DAB95E8E70A9}.Debug|Any CPU.ActiveCfg = Debug|Any CPU
		{F31B8628-8CC3-85FF-E924-DAB95E8E70A9}.Debug|Any CPU.Build.0 = Debug|Any CPU
		{F31B8628-8CC3-85FF-E924-DAB95E8E70A9}.Release|Any CPU.ActiveCfg = Release|Any CPU
		{F31B8628-8CC3-85FF-E924-DAB95E8E70A9}.Release|Any CPU.Build.0 = Release|Any CPU
		{F49052D5-0D10-5987-A421-C1B2CE397147}.Debug|Any CPU.ActiveCfg = Debug|Any CPU
		{F49052D5-0D10-5987-A421-C1B2CE397147}.Debug|Any CPU.Build.0 = Debug|Any CPU
		{F49052D5-0D10-5987-A421-C1B2CE397147}.Release|Any CPU.ActiveCfg = Release|Any CPU
		{F49052D5-0D10-5987-A421-C1B2CE397147}.Release|Any CPU.Build.0 = Release|Any CPU
		{A44873B7-54CC-0580-46E1-509D2ABFFB9C}.Debug|Any CPU.ActiveCfg = Debug|Any CPU
		{A44873B7-54CC-0580-46E1-509D2ABFFB9C}.Debug|Any CPU.Build.0 = Debug|Any CPU
		{A44873B7-54CC-0580-46E1-509D2ABFFB9C}.Release|Any CPU.ActiveCfg = Release|Any CPU
		{A44873B7-54CC-0580-46E1-509D2ABFFB9C}.Release|Any CPU.Build.0 = Release|Any CPU
		{4BC9572B-9FB8-2D77-0126-8FEB6B092183}.Debug|Any CPU.ActiveCfg = Debug|Any CPU
		{4BC9572B-9FB8-2D77-0126-8FEB6B092183}.Debug|Any CPU.Build.0 = Debug|Any CPU
		{4BC9572B-9FB8-2D77-0126-8FEB6B092183}.Release|Any CPU.ActiveCfg = Release|Any CPU
		{4BC9572B-9FB8-2D77-0126-8FEB6B092183}.Release|Any CPU.Build.0 = Release|Any CPU
		{4B4F1594-9215-1D08-1B7A-D71BE537AF17}.Debug|Any CPU.ActiveCfg = Debug|Any CPU
		{4B4F1594-9215-1D08-1B7A-D71BE537AF17}.Debug|Any CPU.Build.0 = Debug|Any CPU
		{4B4F1594-9215-1D08-1B7A-D71BE537AF17}.Release|Any CPU.ActiveCfg = Release|Any CPU
		{4B4F1594-9215-1D08-1B7A-D71BE537AF17}.Release|Any CPU.Build.0 = Release|Any CPU
	EndGlobalSection
	GlobalSection(SolutionProperties) = preSolution
		HideSolutionNode = FALSE
	EndGlobalSection
	GlobalSection(NestedProjects) = preSolution
		{7B1434A0-9E70-CA63-74A4-8657D5CAB44F} = {02EA681E-C7D8-13C7-8484-4AC65E1B71E8}
		{71A9A282-7C24-27FB-58C2-EDC95C07E050} = {02EA681E-C7D8-13C7-8484-4AC65E1B71E8}
		{6AC55EB9-DA1F-819D-04FE-E5C8EC4F05A5} = {02EA681E-C7D8-13C7-8484-4AC65E1B71E8}
		{0B91EAB4-187E-B722-5251-EAD380BD4EE0} = {02EA681E-C7D8-13C7-8484-4AC65E1B71E8}
		{17A4296C-31DB-B692-6F5C-7834159AB8A0} = {02EA681E-C7D8-13C7-8484-4AC65E1B71E8}
		{59BBE3F7-D6BF-9A77-D95E-8EB91A1259D7} = {02EA681E-C7D8-13C7-8484-4AC65E1B71E8}
		{4BC5C195-8ACD-6185-092A-BAC5BDF1D248} = {02EA681E-C7D8-13C7-8484-4AC65E1B71E8}
		{F1876112-00FB-578E-4E15-0DDA41EA6EB2} = {02EA681E-C7D8-13C7-8484-4AC65E1B71E8}
		{86DF3626-7CB4-E57B-D7CA-1543631BEF95} = {02EA681E-C7D8-13C7-8484-4AC65E1B71E8}
		{80B4AF5B-2712-16F3-F3DD-18F73B321741} = {02EA681E-C7D8-13C7-8484-4AC65E1B71E8}
		{D35F3484-F5F8-7F84-923D-6208D608D6EB} = {02EA681E-C7D8-13C7-8484-4AC65E1B71E8}
		{87985670-D45D-925F-7E5F-06CCF6D29DA1} = {02EA681E-C7D8-13C7-8484-4AC65E1B71E8}
		{E6304B61-0857-7AE8-3842-FBDF13A67016} = {02EA681E-C7D8-13C7-8484-4AC65E1B71E8}
		{AE9F57E2-CBCE-5779-9338-2C5EC14E6272} = {02EA681E-C7D8-13C7-8484-4AC65E1B71E8}
		{8A8A4E59-99A4-0FF1-45D7-C92CB4C77BCA} = {02EA681E-C7D8-13C7-8484-4AC65E1B71E8}
		{5635FDCB-C2F9-7BB6-69C7-A9BDF325BE1C} = {02EA681E-C7D8-13C7-8484-4AC65E1B71E8}
		{D893E011-AE87-D565-9185-89DFFB728650} = {02EA681E-C7D8-13C7-8484-4AC65E1B71E8}
		{3EFBA025-8A98-A98C-726C-4E91C1BB6F07} = {02EA681E-C7D8-13C7-8484-4AC65E1B71E8}
		{BCD3DAD7-A36D-4A5A-58E8-A6BA87B8AA2C} = {02EA681E-C7D8-13C7-8484-4AC65E1B71E8}
		{62F87E57-6BDB-2816-6A38-536E875AD15E} = {02EA681E-C7D8-13C7-8484-4AC65E1B71E8}
		{4D212608-17A8-FB16-9A2E-4249CB2AC916} = {02EA681E-C7D8-13C7-8484-4AC65E1B71E8}
		{C1D03F3C-ECA5-F7BB-6574-8894B77DCBC0} = {02EA681E-C7D8-13C7-8484-4AC65E1B71E8}
		{E8B35B7A-9287-60F1-C2A9-1FD06DC3A42A} = {02EA681E-C7D8-13C7-8484-4AC65E1B71E8}
		{09C08C81-457B-DA97-4B09-45AFD5FEE062} = {02EA681E-C7D8-13C7-8484-4AC65E1B71E8}
		{7DFE4250-0ACB-FD75-6E07-894ECB529BB0} = {02EA681E-C7D8-13C7-8484-4AC65E1B71E8}
		{768B45D4-380C-99D2-7153-91F83CA3D00E} = {02EA681E-C7D8-13C7-8484-4AC65E1B71E8}
		{32AAC585-7394-74B1-6840-1713D6A36511} = {02EA681E-C7D8-13C7-8484-4AC65E1B71E8}
		{F31B8628-8CC3-85FF-E924-DAB95E8E70A9} = {02EA681E-C7D8-13C7-8484-4AC65E1B71E8}
		{F49052D5-0D10-5987-A421-C1B2CE397147} = {02EA681E-C7D8-13C7-8484-4AC65E1B71E8}
		{A44873B7-54CC-0580-46E1-509D2ABFFB9C} = {02EA681E-C7D8-13C7-8484-4AC65E1B71E8}
		{4BC9572B-9FB8-2D77-0126-8FEB6B092183} = {02EA681E-C7D8-13C7-8484-4AC65E1B71E8}
		{4B4F1594-9215-1D08-1B7A-D71BE537AF17} = {02EA681E-C7D8-13C7-8484-4AC65E1B71E8}
	EndGlobalSection
	GlobalSection(ExtensibilityGlobals) = postSolution
		SolutionGuid = {921DC568-5877-49EA-A930-54C79AE06CE1}
	EndGlobalSection
EndGlobal
